// !$*UTF8*$!
{
	archiveVersion = 1;
	classes = {
	};
	objectVersion = 50;
	objects = {

/* Begin PBXBuildFile section */
		91E1F4552412592700C8911D /* AppDelegate.swift in Sources */ = {isa = PBXBuildFile; fileRef = 91E1F4542412592700C8911D /* AppDelegate.swift */; };
		91E1F4572412592700C8911D /* ViewController.swift in Sources */ = {isa = PBXBuildFile; fileRef = 91E1F4562412592700C8911D /* ViewController.swift */; };
		91E1F4592412592700C8911D /* Assets.xcassets in Resources */ = {isa = PBXBuildFile; fileRef = 91E1F4582412592700C8911D /* Assets.xcassets */; };
		91E1F45C2412592700C8911D /* Main.storyboard in Resources */ = {isa = PBXBuildFile; fileRef = 91E1F45A2412592700C8911D /* Main.storyboard */; };
		91E1F485241277E500C8911D /* FileContents.swift in Sources */ = {isa = PBXBuildFile; fileRef = 91E1F484241277E500C8911D /* FileContents.swift */; };
/* End PBXBuildFile section */

/* Begin PBXFileReference section */
		91E1F4512412592700C8911D /* VIPGen.app */ = {isa = PBXFileReference; explicitFileType = wrapper.application; includeInIndex = 0; path = VIPGen.app; sourceTree = BUILT_PRODUCTS_DIR; };
		91E1F4542412592700C8911D /* AppDelegate.swift */ = {isa = PBXFileReference; lastKnownFileType = sourcecode.swift; path = AppDelegate.swift; sourceTree = "<group>"; };
		91E1F4562412592700C8911D /* ViewController.swift */ = {isa = PBXFileReference; lastKnownFileType = sourcecode.swift; path = ViewController.swift; sourceTree = "<group>"; };
		91E1F4582412592700C8911D /* Assets.xcassets */ = {isa = PBXFileReference; lastKnownFileType = folder.assetcatalog; path = Assets.xcassets; sourceTree = "<group>"; };
		91E1F45B2412592700C8911D /* Base */ = {isa = PBXFileReference; lastKnownFileType = file.storyboard; name = Base; path = Base.lproj/Main.storyboard; sourceTree = "<group>"; };
		91E1F45D2412592700C8911D /* Info.plist */ = {isa = PBXFileReference; lastKnownFileType = text.plist.xml; path = Info.plist; sourceTree = "<group>"; };
		91E1F45E2412592700C8911D /* VIPGen.entitlements */ = {isa = PBXFileReference; lastKnownFileType = text.plist.entitlements; path = VIPGen.entitlements; sourceTree = "<group>"; };
		91E1F484241277E500C8911D /* FileContents.swift */ = {isa = PBXFileReference; lastKnownFileType = sourcecode.swift; path = FileContents.swift; sourceTree = "<group>"; };
/* End PBXFileReference section */

/* Begin PBXFrameworksBuildPhase section */
		91E1F44E2412592700C8911D /* Frameworks */ = {
			isa = PBXFrameworksBuildPhase;
			buildActionMask = 2147483647;
			files = (
			);
			runOnlyForDeploymentPostprocessing = 0;
		};
/* End PBXFrameworksBuildPhase section */

/* Begin PBXGroup section */
		91E1F4482412592700C8911D = {
			isa = PBXGroup;
			children = (
				91E1F4532412592700C8911D /* VIPGen */,
				91E1F4522412592700C8911D /* Products */,
			);
			sourceTree = "<group>";
		};
		91E1F4522412592700C8911D /* Products */ = {
			isa = PBXGroup;
			children = (
				91E1F4512412592700C8911D /* VIPGen.app */,
			);
			name = Products;
			sourceTree = "<group>";
		};
		91E1F4532412592700C8911D /* VIPGen */ = {
			isa = PBXGroup;
			children = (
				91E1F4542412592700C8911D /* AppDelegate.swift */,
				91E1F4562412592700C8911D /* ViewController.swift */,
				91E1F4582412592700C8911D /* Assets.xcassets */,
				91E1F45A2412592700C8911D /* Main.storyboard */,
				91E1F45D2412592700C8911D /* Info.plist */,
				91E1F45E2412592700C8911D /* VIPGen.entitlements */,
				91E1F484241277E500C8911D /* FileContents.swift */,
			);
			path = VIPGen;
			sourceTree = "<group>";
		};
/* End PBXGroup section */

/* Begin PBXNativeTarget section */
		91E1F4502412592700C8911D /* VIPGen */ = {
			isa = PBXNativeTarget;
			buildConfigurationList = 91E1F4612412592700C8911D /* Build configuration list for PBXNativeTarget "VIPGen" */;
			buildPhases = (
				91E1F44D2412592700C8911D /* Sources */,
				91E1F44E2412592700C8911D /* Frameworks */,
				91E1F44F2412592700C8911D /* Resources */,
			);
			buildRules = (
			);
			dependencies = (
			);
			name = VIPGen;
			productName = modulegen;
			productReference = 91E1F4512412592700C8911D /* VIPGen.app */;
			productType = "com.apple.product-type.application";
		};
/* End PBXNativeTarget section */

/* Begin PBXProject section */
		91E1F4492412592700C8911D /* Project object */ = {
			isa = PBXProject;
			attributes = {
				LastSwiftUpdateCheck = 1110;
				LastUpgradeCheck = 1110;
				ORGANIZATIONNAME = "Alex McMillan";
				TargetAttributes = {
					91E1F4502412592700C8911D = {
						CreatedOnToolsVersion = 11.1;
					};
				};
			};
			buildConfigurationList = 91E1F44C2412592700C8911D /* Build configuration list for PBXProject "VIPGen" */;
			compatibilityVersion = "Xcode 9.3";
			developmentRegion = en;
			hasScannedForEncodings = 0;
			knownRegions = (
				en,
				Base,
			);
			mainGroup = 91E1F4482412592700C8911D;
			productRefGroup = 91E1F4522412592700C8911D /* Products */;
			projectDirPath = "";
			projectRoot = "";
			targets = (
				91E1F4502412592700C8911D /* VIPGen */,
			);
		};
/* End PBXProject section */

/* Begin PBXResourcesBuildPhase section */
		91E1F44F2412592700C8911D /* Resources */ = {
			isa = PBXResourcesBuildPhase;
			buildActionMask = 2147483647;
			files = (
				91E1F4592412592700C8911D /* Assets.xcassets in Resources */,
				91E1F45C2412592700C8911D /* Main.storyboard in Resources */,
			);
			runOnlyForDeploymentPostprocessing = 0;
		};
/* End PBXResourcesBuildPhase section */

/* Begin PBXSourcesBuildPhase section */
		91E1F44D2412592700C8911D /* Sources */ = {
			isa = PBXSourcesBuildPhase;
			buildActionMask = 2147483647;
			files = (
				91E1F485241277E500C8911D /* FileContents.swift in Sources */,
				91E1F4572412592700C8911D /* ViewController.swift in Sources */,
				91E1F4552412592700C8911D /* AppDelegate.swift in Sources */,
			);
			runOnlyForDeploymentPostprocessing = 0;
		};
/* End PBXSourcesBuildPhase section */

/* Begin PBXVariantGroup section */
		91E1F45A2412592700C8911D /* Main.storyboard */ = {
			isa = PBXVariantGroup;
			children = (
				91E1F45B2412592700C8911D /* Base */,
			);
			name = Main.storyboard;
			sourceTree = "<group>";
		};
/* End PBXVariantGroup section */

/* Begin XCBuildConfiguration section */
		91E1F45F2412592700C8911D /* Debug */ = {
			isa = XCBuildConfiguration;
			buildSettings = {
				ALWAYS_SEARCH_USER_PATHS = NO;
				CLANG_ANALYZER_NONNULL = YES;
				CLANG_ANALYZER_NUMBER_OBJECT_CONVERSION = YES_AGGRESSIVE;
				CLANG_CXX_LANGUAGE_STANDARD = "gnu++14";
				CLANG_CXX_LIBRARY = "libc++";
				CLANG_ENABLE_MODULES = YES;
				CLANG_ENABLE_OBJC_ARC = YES;
				CLANG_ENABLE_OBJC_WEAK = YES;
				CLANG_WARN_BLOCK_CAPTURE_AUTORELEASING = YES;
				CLANG_WARN_BOOL_CONVERSION = YES;
				CLANG_WARN_COMMA = YES;
				CLANG_WARN_CONSTANT_CONVERSION = YES;
				CLANG_WARN_DEPRECATED_OBJC_IMPLEMENTATIONS = YES;
				CLANG_WARN_DIRECT_OBJC_ISA_USAGE = YES_ERROR;
				CLANG_WARN_DOCUMENTATION_COMMENTS = YES;
				CLANG_WARN_EMPTY_BODY = YES;
				CLANG_WARN_ENUM_CONVERSION = YES;
				CLANG_WARN_INFINITE_RECURSION = YES;
				CLANG_WARN_INT_CONVERSION = YES;
				CLANG_WARN_NON_LITERAL_NULL_CONVERSION = YES;
				CLANG_WARN_OBJC_IMPLICIT_RETAIN_SELF = YES;
				CLANG_WARN_OBJC_LITERAL_CONVERSION = YES;
				CLANG_WARN_OBJC_ROOT_CLASS = YES_ERROR;
				CLANG_WARN_RANGE_LOOP_ANALYSIS = YES;
				CLANG_WARN_STRICT_PROTOTYPES = YES;
				CLANG_WARN_SUSPICIOUS_MOVE = YES;
				CLANG_WARN_UNGUARDED_AVAILABILITY = YES_AGGRESSIVE;
				CLANG_WARN_UNREACHABLE_CODE = YES;
				CLANG_WARN__DUPLICATE_METHOD_MATCH = YES;
				COPY_PHASE_STRIP = NO;
				DEBUG_INFORMATION_FORMAT = dwarf;
				ENABLE_STRICT_OBJC_MSGSEND = YES;
				ENABLE_TESTABILITY = YES;
				GCC_C_LANGUAGE_STANDARD = gnu11;
				GCC_DYNAMIC_NO_PIC = NO;
				GCC_NO_COMMON_BLOCKS = YES;
				GCC_OPTIMIZATION_LEVEL = 0;
				GCC_PREPROCESSOR_DEFINITIONS = (
					"DEBUG=1",
					"$(inherited)",
				);
				GCC_WARN_64_TO_32_BIT_CONVERSION = YES;
				GCC_WARN_ABOUT_RETURN_TYPE = YES_ERROR;
				GCC_WARN_UNDECLARED_SELECTOR = YES;
				GCC_WARN_UNINITIALIZED_AUTOS = YES_AGGRESSIVE;
				GCC_WARN_UNUSED_FUNCTION = YES;
				GCC_WARN_UNUSED_VARIABLE = YES;
				MACOSX_DEPLOYMENT_TARGET = 10.14;
				MTL_ENABLE_DEBUG_INFO = INCLUDE_SOURCE;
				MTL_FAST_MATH = YES;
				ONLY_ACTIVE_ARCH = YES;
				SDKROOT = macosx;
				SWIFT_ACTIVE_COMPILATION_CONDITIONS = DEBUG;
				SWIFT_OPTIMIZATION_LEVEL = "-Onone";
			};
			name = Debug;
		};
		91E1F4602412592700C8911D /* Release */ = {
			isa = XCBuildConfiguration;
			buildSettings = {
				ALWAYS_SEARCH_USER_PATHS = NO;
				CLANG_ANALYZER_NONNULL = YES;
				CLANG_ANALYZER_NUMBER_OBJECT_CONVERSION = YES_AGGRESSIVE;
				CLANG_CXX_LANGUAGE_STANDARD = "gnu++14";
				CLANG_CXX_LIBRARY = "libc++";
				CLANG_ENABLE_MODULES = YES;
				CLANG_ENABLE_OBJC_ARC = YES;
				CLANG_ENABLE_OBJC_WEAK = YES;
				CLANG_WARN_BLOCK_CAPTURE_AUTORELEASING = YES;
				CLANG_WARN_BOOL_CONVERSION = YES;
				CLANG_WARN_COMMA = YES;
				CLANG_WARN_CONSTANT_CONVERSION = YES;
				CLANG_WARN_DEPRECATED_OBJC_IMPLEMENTATIONS = YES;
				CLANG_WARN_DIRECT_OBJC_ISA_USAGE = YES_ERROR;
				CLANG_WARN_DOCUMENTATION_COMMENTS = YES;
				CLANG_WARN_EMPTY_BODY = YES;
				CLANG_WARN_ENUM_CONVERSION = YES;
				CLANG_WARN_INFINITE_RECURSION = YES;
				CLANG_WARN_INT_CONVERSION = YES;
				CLANG_WARN_NON_LITERAL_NULL_CONVERSION = YES;
				CLANG_WARN_OBJC_IMPLICIT_RETAIN_SELF = YES;
				CLANG_WARN_OBJC_LITERAL_CONVERSION = YES;
				CLANG_WARN_OBJC_ROOT_CLASS = YES_ERROR;
				CLANG_WARN_RANGE_LOOP_ANALYSIS = YES;
				CLANG_WARN_STRICT_PROTOTYPES = YES;
				CLANG_WARN_SUSPICIOUS_MOVE = YES;
				CLANG_WARN_UNGUARDED_AVAILABILITY = YES_AGGRESSIVE;
				CLANG_WARN_UNREACHABLE_CODE = YES;
				CLANG_WARN__DUPLICATE_METHOD_MATCH = YES;
				COPY_PHASE_STRIP = NO;
				DEBUG_INFORMATION_FORMAT = "dwarf-with-dsym";
				ENABLE_NS_ASSERTIONS = NO;
				ENABLE_STRICT_OBJC_MSGSEND = YES;
				GCC_C_LANGUAGE_STANDARD = gnu11;
				GCC_NO_COMMON_BLOCKS = YES;
				GCC_WARN_64_TO_32_BIT_CONVERSION = YES;
				GCC_WARN_ABOUT_RETURN_TYPE = YES_ERROR;
				GCC_WARN_UNDECLARED_SELECTOR = YES;
				GCC_WARN_UNINITIALIZED_AUTOS = YES_AGGRESSIVE;
				GCC_WARN_UNUSED_FUNCTION = YES;
				GCC_WARN_UNUSED_VARIABLE = YES;
				MACOSX_DEPLOYMENT_TARGET = 10.14;
				MTL_ENABLE_DEBUG_INFO = NO;
				MTL_FAST_MATH = YES;
				SDKROOT = macosx;
				SWIFT_COMPILATION_MODE = wholemodule;
				SWIFT_OPTIMIZATION_LEVEL = "-O";
			};
			name = Release;
		};
		91E1F4622412592700C8911D /* Debug */ = {
			isa = XCBuildConfiguration;
			buildSettings = {
				ASSETCATALOG_COMPILER_APPICON_NAME = AppIcon;
				CODE_SIGN_ENTITLEMENTS = VIPGen/VIPGen.entitlements;
				CODE_SIGN_STYLE = Automatic;
				COMBINE_HIDPI_IMAGES = YES;
				DEVELOPMENT_TEAM = 58KL7ZTSUA;
				ENABLE_HARDENED_RUNTIME = YES;
				INFOPLIST_FILE = VIPGen/Info.plist;
				LD_RUNPATH_SEARCH_PATHS = (
					"$(inherited)",
					"@executable_path/../Frameworks",
				);
				PRODUCT_BUNDLE_IDENTIFIER = com.fanduel.tenpercent.VIPGen;
				PRODUCT_NAME = "$(TARGET_NAME)";
				SWIFT_VERSION = 5.0;
			};
			name = Debug;
		};
		91E1F4632412592700C8911D /* Release */ = {
			isa = XCBuildConfiguration;
			buildSettings = {
				ASSETCATALOG_COMPILER_APPICON_NAME = AppIcon;
				CODE_SIGN_ENTITLEMENTS = VIPGen/VIPGen.entitlements;
				CODE_SIGN_STYLE = Automatic;
				COMBINE_HIDPI_IMAGES = YES;
				DEVELOPMENT_TEAM = 58KL7ZTSUA;
				ENABLE_HARDENED_RUNTIME = YES;
				INFOPLIST_FILE = VIPGen/Info.plist;
				LD_RUNPATH_SEARCH_PATHS = (
					"$(inherited)",
					"@executable_path/../Frameworks",
				);
				PRODUCT_BUNDLE_IDENTIFIER = com.fanduel.tenpercent.VIPGen;
				PRODUCT_NAME = "$(TARGET_NAME)";
				SWIFT_VERSION = 5.0;
			};
			name = Release;
		};
/* End XCBuildConfiguration section */

/* Begin XCConfigurationList section */
		91E1F44C2412592700C8911D /* Build configuration list for PBXProject "VIPGen" */ = {
			isa = XCConfigurationList;
			buildConfigurations = (
				91E1F45F2412592700C8911D /* Debug */,
				91E1F4602412592700C8911D /* Release */,
			);
			defaultConfigurationIsVisible = 0;
			defaultConfigurationName = Release;
		};
		91E1F4612412592700C8911D /* Build configuration list for PBXNativeTarget "VIPGen" */ = {
			isa = XCConfigurationList;
			buildConfigurations = (
				91E1F4622412592700C8911D /* Debug */,
				91E1F4632412592700C8911D /* Release */,
			);
			defaultConfigurationIsVisible = 0;
			defaultConfigurationName = Release;
		};
/* End XCConfigurationList section */
	};
	rootObject = 91E1F4492412592700C8911D /* Project object */;
}
